
Microsoft Visual Studio Solution File, Format Version 12.00
# Visual Studio 14
VisualStudioVersion = 14.0.23107.0
MinimumVisualStudioVersion = 10.0.40219.1
Project("{FAE04EC0-301F-11D3-BF4B-00C04F79EFBC}") = "Etkinlik.io.ApiClient", "Etkinlik.io.ApiClient\Etkinlik.io.ApiClient.csproj", "{109A93AB-866D-4DFC-B87B-4E61272977E1}"
EndProject
Project("{FAE04EC0-301F-11D3-BF4B-00C04F79EFBC}") = "Etkinlik.io.Test", "Etkinlik.io.Test\Etkinlik.io.Test.csproj", "{58746D42-10E0-4F40-8991-75514FC9F29E}"
EndProject
Global
	GlobalSection(SolutionConfigurationPlatforms) = preSolution
		Debug|Any CPU = Debug|Any CPU
		Release|Any CPU = Release|Any CPU
	EndGlobalSection
	GlobalSection(ProjectConfigurationPlatforms) = postSolution
		{109A93AB-866D-4DFC-B87B-4E61272977E1}.Debug|Any CPU.ActiveCfg = Debug|Any CPU
		{109A93AB-866D-4DFC-B87B-4E61272977E1}.Debug|Any CPU.Build.0 = Debug|Any CPU
		{109A93AB-866D-4DFC-B87B-4E61272977E1}.Release|Any CPU.ActiveCfg = Release|Any CPU
		{109A93AB-866D-4DFC-B87B-4E61272977E1}.Release|Any CPU.Build.0 = Release|Any CPU
		{58746D42-10E0-4F40-8991-75514FC9F29E}.Debug|Any CPU.ActiveCfg = Debug|Any CPU
		{58746D42-10E0-4F40-8991-75514FC9F29E}.Debug|Any CPU.Build.0 = Debug|Any CPU
		{58746D42-10E0-4F40-8991-75514FC9F29E}.Release|Any CPU.ActiveCfg = Release|Any CPU
		{58746D42-10E0-4F40-8991-75514FC9F29E}.Release|Any CPU.Build.0 = Release|Any CPU
	EndGlobalSection
	GlobalSection(SolutionProperties) = preSolution
		HideSolutionNode = FALSE
	EndGlobalSection
EndGlobal
